
Microsoft Visual Studio Solution File, Format Version 12.00
# Visual Studio Version 17
VisualStudioVersion = 17.13.35931.197 d17.13
MinimumVisualStudioVersion = 10.0.40219.1
Project("{FAE04EC0-301F-11D3-BF4B-00C04F79EFBC}") = "EnviroVarUtillity", "EnviroVarUtillity.csproj", "{6A123F70-CADD-4EC7-B0B5-295A6DFBB45A}"
EndProject
Global
	GlobalSection(SolutionConfigurationPlatforms) = preSolution
		Debug|Any CPU = Debug|Any CPU
		Release|Any CPU = Release|Any CPU
	EndGlobalSection
	GlobalSection(ProjectConfigurationPlatforms) = postSolution
		{6A123F70-CADD-4EC7-B0B5-295A6DFBB45A}.Debug|Any CPU.ActiveCfg = Debug|Any CPU
		{6A123F70-CADD-4EC7-B0B5-295A6DFBB45A}.Debug|Any CPU.Build.0 = Debug|Any CPU
		{6A123F70-CADD-4EC7-B0B5-295A6DFBB45A}.Release|Any CPU.ActiveCfg = Release|Any CPU
		{6A123F70-CADD-4EC7-B0B5-295A6DFBB45A}.Release|Any CPU.Build.0 = Release|Any CPU
	EndGlobalSection
	GlobalSection(SolutionProperties) = preSolution
		HideSolutionNode = FALSE
	EndGlobalSection
	GlobalSection(ExtensibilityGlobals) = postSolution
		SolutionGuid = {95FB8DE6-BC39-47E3-BEE9-B2B31F2E3A4A}
	EndGlobalSection
EndGlobal
